// !$*UTF8*$!
{
	archiveVersion = 1;
	classes = {
	};
	objectVersion = 46;
	objects = {

/* Begin PBXBuildFile section */
		404A82221D564B20001EF486 /* AppDelegate.swift in Sources */ = {isa = PBXBuildFile; fileRef = 404A82211D564B20001EF486 /* AppDelegate.swift */; };
		404A82241D564B20001EF486 /* CameraViewController.swift in Sources */ = {isa = PBXBuildFile; fileRef = 404A82231D564B20001EF486 /* CameraViewController.swift */; };
		404A82271D564B20001EF486 /* Main.storyboard in Resources */ = {isa = PBXBuildFile; fileRef = 404A82251D564B20001EF486 /* Main.storyboard */; };
		404A82291D564B20001EF486 /* Assets.xcassets in Resources */ = {isa = PBXBuildFile; fileRef = 404A82281D564B20001EF486 /* Assets.xcassets */; };
		404A822C1D564B20001EF486 /* LaunchScreen.storyboard in Resources */ = {isa = PBXBuildFile; fileRef = 404A822A1D564B20001EF486 /* LaunchScreen.storyboard */; };
		404A82341D565A02001EF486 /* SoundsViewController.swift in Sources */ = {isa = PBXBuildFile; fileRef = 404A82331D565A02001EF486 /* SoundsViewController.swift */; };
		404A82361D565A10001EF486 /* PhotosViewController.swift in Sources */ = {isa = PBXBuildFile; fileRef = 404A82351D565A10001EF486 /* PhotosViewController.swift */; };
		404A823D1D566FD9001EF486 /* explode.wav in Resources */ = {isa = PBXBuildFile; fileRef = 404A82391D566FD9001EF486 /* explode.wav */; };
		404A823E1D566FD9001EF486 /* cow.mp3 in Resources */ = {isa = PBXBuildFile; fileRef = 404A823A1D566FD9001EF486 /* cow.mp3 */; };
		404A82401D566FD9001EF486 /* Rooster.mp3 in Resources */ = {isa = PBXBuildFile; fileRef = 404A823C1D566FD9001EF486 /* Rooster.mp3 */; };
		404A82421D56734F001EF486 /* SoundAssist.swift in Sources */ = {isa = PBXBuildFile; fileRef = 404A82411D56734F001EF486 /* SoundAssist.swift */; };
		40EE090A1D5681A80035B836 /* Jump7.wav in Resources */ = {isa = PBXBuildFile; fileRef = 40EE09081D5681A80035B836 /* Jump7.wav */; };
		40EE090B1D5681A80035B836 /* Randomize5.wav in Resources */ = {isa = PBXBuildFile; fileRef = 40EE09091D5681A80035B836 /* Randomize5.wav */; };
		40EE090E1D5683AA0035B836 /* Jump.wav in Resources */ = {isa = PBXBuildFile; fileRef = 40EE090C1D5683AA0035B836 /* Jump.wav */; };
		40EE090F1D5683AA0035B836 /* Jump9.wav in Resources */ = {isa = PBXBuildFile; fileRef = 40EE090D1D5683AA0035B836 /* Jump9.wav */; };
		AC6CA9751D56828B00212352 /* PhotoViewController.swift in Sources */ = {isa = PBXBuildFile; fileRef = AC6CA9741D56828B00212352 /* PhotoViewController.swift */; };
/* End PBXBuildFile section */

/* Begin PBXFileReference section */
		404A821E1D564B20001EF486 /* babyselfie.app */ = {isa = PBXFileReference; explicitFileType = wrapper.application; includeInIndex = 0; path = babyselfie.app; sourceTree = BUILT_PRODUCTS_DIR; };
		404A82211D564B20001EF486 /* AppDelegate.swift */ = {isa = PBXFileReference; lastKnownFileType = sourcecode.swift; path = AppDelegate.swift; sourceTree = "<group>"; };
		404A82231D564B20001EF486 /* CameraViewController.swift */ = {isa = PBXFileReference; lastKnownFileType = sourcecode.swift; path = CameraViewController.swift; sourceTree = "<group>"; };
		404A82261D564B20001EF486 /* Base */ = {isa = PBXFileReference; lastKnownFileType = file.storyboard; name = Base; path = Base.lproj/Main.storyboard; sourceTree = "<group>"; };
		404A82281D564B20001EF486 /* Assets.xcassets */ = {isa = PBXFileReference; lastKnownFileType = folder.assetcatalog; path = Assets.xcassets; sourceTree = "<group>"; };
		404A822B1D564B20001EF486 /* Base */ = {isa = PBXFileReference; lastKnownFileType = file.storyboard; name = Base; path = Base.lproj/LaunchScreen.storyboard; sourceTree = "<group>"; };
		404A822D1D564B20001EF486 /* Info.plist */ = {isa = PBXFileReference; lastKnownFileType = text.plist.xml; path = Info.plist; sourceTree = "<group>"; };
		404A82331D565A02001EF486 /* SoundsViewController.swift */ = {isa = PBXFileReference; fileEncoding = 4; lastKnownFileType = sourcecode.swift; path = SoundsViewController.swift; sourceTree = "<group>"; };
		404A82351D565A10001EF486 /* PhotosViewController.swift */ = {isa = PBXFileReference; fileEncoding = 4; lastKnownFileType = sourcecode.swift; path = PhotosViewController.swift; sourceTree = "<group>"; };
		404A82391D566FD9001EF486 /* explode.wav */ = {isa = PBXFileReference; lastKnownFileType = audio.wav; path = explode.wav; sourceTree = "<group>"; };
		404A823A1D566FD9001EF486 /* cow.mp3 */ = {isa = PBXFileReference; lastKnownFileType = audio.mp3; path = cow.mp3; sourceTree = "<group>"; };
		404A823C1D566FD9001EF486 /* Rooster.mp3 */ = {isa = PBXFileReference; lastKnownFileType = audio.mp3; path = Rooster.mp3; sourceTree = "<group>"; };
		404A82411D56734F001EF486 /* SoundAssist.swift */ = {isa = PBXFileReference; fileEncoding = 4; lastKnownFileType = sourcecode.swift; path = SoundAssist.swift; sourceTree = "<group>"; };
		40EE09081D5681A80035B836 /* Jump7.wav */ = {isa = PBXFileReference; lastKnownFileType = audio.wav; path = Jump7.wav; sourceTree = "<group>"; };
		40EE09091D5681A80035B836 /* Randomize5.wav */ = {isa = PBXFileReference; lastKnownFileType = audio.wav; path = Randomize5.wav; sourceTree = "<group>"; };
		40EE090C1D5683AA0035B836 /* Jump.wav */ = {isa = PBXFileReference; lastKnownFileType = audio.wav; path = Jump.wav; sourceTree = "<group>"; };
		40EE090D1D5683AA0035B836 /* Jump9.wav */ = {isa = PBXFileReference; lastKnownFileType = audio.wav; path = Jump9.wav; sourceTree = "<group>"; };
		AC6CA9741D56828B00212352 /* PhotoViewController.swift */ = {isa = PBXFileReference; fileEncoding = 4; lastKnownFileType = sourcecode.swift; path = PhotoViewController.swift; sourceTree = "<group>"; };
/* End PBXFileReference section */

/* Begin PBXFrameworksBuildPhase section */
		404A821B1D564B20001EF486 /* Frameworks */ = {
			isa = PBXFrameworksBuildPhase;
			buildActionMask = 2147483647;
			files = (
			);
			runOnlyForDeploymentPostprocessing = 0;
		};
/* End PBXFrameworksBuildPhase section */

/* Begin PBXGroup section */
		404A82151D564B20001EF486 = {
			isa = PBXGroup;
			children = (
				404A82201D564B20001EF486 /* babyselfie */,
				404A821F1D564B20001EF486 /* Products */,
			);
			sourceTree = "<group>";
		};
		404A821F1D564B20001EF486 /* Products */ = {
			isa = PBXGroup;
			children = (
				404A821E1D564B20001EF486 /* babyselfie.app */,
			);
			name = Products;
			sourceTree = "<group>";
		};
		404A82201D564B20001EF486 /* babyselfie */ = {
			isa = PBXGroup;
			children = (
				404A82211D564B20001EF486 /* AppDelegate.swift */,
				404A82231D564B20001EF486 /* CameraViewController.swift */,
				404A82411D56734F001EF486 /* SoundAssist.swift */,
				404A82331D565A02001EF486 /* SoundsViewController.swift */,
				AC6CA9741D56828B00212352 /* PhotoViewController.swift */,
				404A82351D565A10001EF486 /* PhotosViewController.swift */,
				404A82251D564B20001EF486 /* Main.storyboard */,
				404A82281D564B20001EF486 /* Assets.xcassets */,
				404A822A1D564B20001EF486 /* LaunchScreen.storyboard */,
				404A822D1D564B20001EF486 /* Info.plist */,
				404A82371D566077001EF486 /* soundsGroup */,
			);
			path = babyselfie;
			sourceTree = "<group>";
		};
		404A82371D566077001EF486 /* soundsGroup */ = {
			isa = PBXGroup;
			children = (
				40EE090C1D5683AA0035B836 /* Jump.wav */,
				40EE090D1D5683AA0035B836 /* Jump9.wav */,
				40EE09081D5681A80035B836 /* Jump7.wav */,
				40EE09091D5681A80035B836 /* Randomize5.wav */,
				404A82391D566FD9001EF486 /* explode.wav */,
				404A823A1D566FD9001EF486 /* cow.mp3 */,
				404A823C1D566FD9001EF486 /* Rooster.mp3 */,
			);
			name = soundsGroup;
			sourceTree = "<group>";
		};
/* End PBXGroup section */

/* Begin PBXNativeTarget section */
		404A821D1D564B20001EF486 /* babyselfie */ = {
			isa = PBXNativeTarget;
			buildConfigurationList = 404A82301D564B20001EF486 /* Build configuration list for PBXNativeTarget "babyselfie" */;
			buildPhases = (
				404A821A1D564B20001EF486 /* Sources */,
				404A821B1D564B20001EF486 /* Frameworks */,
				404A821C1D564B20001EF486 /* Resources */,
			);
			buildRules = (
			);
			dependencies = (
			);
			name = babyselfie;
			productName = babyselfie;
			productReference = 404A821E1D564B20001EF486 /* babyselfie.app */;
			productType = "com.apple.product-type.application";
		};
/* End PBXNativeTarget section */

/* Begin PBXProject section */
		404A82161D564B20001EF486 /* Project object */ = {
			isa = PBXProject;
			attributes = {
				LastSwiftUpdateCheck = 0730;
				LastUpgradeCheck = 0730;
				ORGANIZATIONNAME = "Alexander Kaump";
				TargetAttributes = {
					404A821D1D564B20001EF486 = {
						CreatedOnToolsVersion = 7.3.1;
						DevelopmentTeam = BYJ2R9KM7L;
					};
				};
			};
			buildConfigurationList = 404A82191D564B20001EF486 /* Build configuration list for PBXProject "babyselfie" */;
			compatibilityVersion = "Xcode 3.2";
			developmentRegion = English;
			hasScannedForEncodings = 0;
			knownRegions = (
				en,
				Base,
			);
			mainGroup = 404A82151D564B20001EF486;
			productRefGroup = 404A821F1D564B20001EF486 /* Products */;
			projectDirPath = "";
			projectRoot = "";
			targets = (
				404A821D1D564B20001EF486 /* babyselfie */,
			);
		};
/* End PBXProject section */

/* Begin PBXResourcesBuildPhase section */
		404A821C1D564B20001EF486 /* Resources */ = {
			isa = PBXResourcesBuildPhase;
			buildActionMask = 2147483647;
			files = (
				40EE090B1D5681A80035B836 /* Randomize5.wav in Resources */,
				40EE090A1D5681A80035B836 /* Jump7.wav in Resources */,
				40EE090F1D5683AA0035B836 /* Jump9.wav in Resources */,
				404A82401D566FD9001EF486 /* Rooster.mp3 in Resources */,
				404A823D1D566FD9001EF486 /* explode.wav in Resources */,
				40EE090E1D5683AA0035B836 /* Jump.wav in Resources */,
				404A822C1D564B20001EF486 /* LaunchScreen.storyboard in Resources */,
				404A82291D564B20001EF486 /* Assets.xcassets in Resources */,
				404A82271D564B20001EF486 /* Main.storyboard in Resources */,
				404A823E1D566FD9001EF486 /* cow.mp3 in Resources */,
			);
			runOnlyForDeploymentPostprocessing = 0;
		};
/* End PBXResourcesBuildPhase section */

/* Begin PBXSourcesBuildPhase section */
		404A821A1D564B20001EF486 /* Sources */ = {
			isa = PBXSourcesBuildPhase;
			buildActionMask = 2147483647;
			files = (
				404A82241D564B20001EF486 /* CameraViewController.swift in Sources */,
				404A82361D565A10001EF486 /* PhotosViewController.swift in Sources */,
				404A82221D564B20001EF486 /* AppDelegate.swift in Sources */,
				404A82341D565A02001EF486 /* SoundsViewController.swift in Sources */,
				404A82421D56734F001EF486 /* SoundAssist.swift in Sources */,
				AC6CA9751D56828B00212352 /* PhotoViewController.swift in Sources */,
			);
			runOnlyForDeploymentPostprocessing = 0;
		};
/* End PBXSourcesBuildPhase section */

/* Begin PBXVariantGroup section */
		404A82251D564B20001EF486 /* Main.storyboard */ = {
			isa = PBXVariantGroup;
			children = (
				404A82261D564B20001EF486 /* Base */,
			);
			name = Main.storyboard;
			sourceTree = "<group>";
		};
		404A822A1D564B20001EF486 /* LaunchScreen.storyboard */ = {
			isa = PBXVariantGroup;
			children = (
				404A822B1D564B20001EF486 /* Base */,
			);
			name = LaunchScreen.storyboard;
			sourceTree = "<group>";
		};
/* End PBXVariantGroup section */

/* Begin XCBuildConfiguration section */
		404A822E1D564B20001EF486 /* Debug */ = {
			isa = XCBuildConfiguration;
			buildSettings = {
				ALWAYS_SEARCH_USER_PATHS = NO;
				CLANG_ANALYZER_NONNULL = YES;
				CLANG_CXX_LANGUAGE_STANDARD = "gnu++0x";
				CLANG_CXX_LIBRARY = "libc++";
				CLANG_ENABLE_MODULES = YES;
				CLANG_ENABLE_OBJC_ARC = YES;
				CLANG_WARN_BOOL_CONVERSION = YES;
				CLANG_WARN_CONSTANT_CONVERSION = YES;
				CLANG_WARN_DIRECT_OBJC_ISA_USAGE = YES_ERROR;
				CLANG_WARN_EMPTY_BODY = YES;
				CLANG_WARN_ENUM_CONVERSION = YES;
				CLANG_WARN_INT_CONVERSION = YES;
				CLANG_WARN_OBJC_ROOT_CLASS = YES_ERROR;
				CLANG_WARN_UNREACHABLE_CODE = YES;
				CLANG_WARN__DUPLICATE_METHOD_MATCH = YES;
				"CODE_SIGN_IDENTITY[sdk=iphoneos*]" = "iPhone Developer";
				COPY_PHASE_STRIP = NO;
				DEBUG_INFORMATION_FORMAT = dwarf;
				ENABLE_STRICT_OBJC_MSGSEND = YES;
				ENABLE_TESTABILITY = YES;
				GCC_C_LANGUAGE_STANDARD = gnu99;
				GCC_DYNAMIC_NO_PIC = NO;
				GCC_NO_COMMON_BLOCKS = YES;
				GCC_OPTIMIZATION_LEVEL = 0;
				GCC_PREPROCESSOR_DEFINITIONS = (
					"DEBUG=1",
					"$(inherited)",
				);
				GCC_WARN_64_TO_32_BIT_CONVERSION = YES;
				GCC_WARN_ABOUT_RETURN_TYPE = YES_ERROR;
				GCC_WARN_UNDECLARED_SELECTOR = YES;
				GCC_WARN_UNINITIALIZED_AUTOS = YES_AGGRESSIVE;
				GCC_WARN_UNUSED_FUNCTION = YES;
				GCC_WARN_UNUSED_VARIABLE = YES;
				IPHONEOS_DEPLOYMENT_TARGET = 9.3;
				MTL_ENABLE_DEBUG_INFO = YES;
				ONLY_ACTIVE_ARCH = YES;
				SDKROOT = iphoneos;
				SWIFT_OPTIMIZATION_LEVEL = "-Onone";
			};
			name = Debug;
		};
		404A822F1D564B20001EF486 /* Release */ = {
			isa = XCBuildConfiguration;
			buildSettings = {
				ALWAYS_SEARCH_USER_PATHS = NO;
				CLANG_ANALYZER_NONNULL = YES;
				CLANG_CXX_LANGUAGE_STANDARD = "gnu++0x";
				CLANG_CXX_LIBRARY = "libc++";
				CLANG_ENABLE_MODULES = YES;
				CLANG_ENABLE_OBJC_ARC = YES;
				CLANG_WARN_BOOL_CONVERSION = YES;
				CLANG_WARN_CONSTANT_CONVERSION = YES;
				CLANG_WARN_DIRECT_OBJC_ISA_USAGE = YES_ERROR;
				CLANG_WARN_EMPTY_BODY = YES;
				CLANG_WARN_ENUM_CONVERSION = YES;
				CLANG_WARN_INT_CONVERSION = YES;
				CLANG_WARN_OBJC_ROOT_CLASS = YES_ERROR;
				CLANG_WARN_UNREACHABLE_CODE = YES;
				CLANG_WARN__DUPLICATE_METHOD_MATCH = YES;
				"CODE_SIGN_IDENTITY[sdk=iphoneos*]" = "iPhone Developer";
				COPY_PHASE_STRIP = NO;
				DEBUG_INFORMATION_FORMAT = "dwarf-with-dsym";
				ENABLE_NS_ASSERTIONS = NO;
				ENABLE_STRICT_OBJC_MSGSEND = YES;
				GCC_C_LANGUAGE_STANDARD = gnu99;
				GCC_NO_COMMON_BLOCKS = YES;
				GCC_WARN_64_TO_32_BIT_CONVERSION = YES;
				GCC_WARN_ABOUT_RETURN_TYPE = YES_ERROR;
				GCC_WARN_UNDECLARED_SELECTOR = YES;
				GCC_WARN_UNINITIALIZED_AUTOS = YES_AGGRESSIVE;
				GCC_WARN_UNUSED_FUNCTION = YES;
				GCC_WARN_UNUSED_VARIABLE = YES;
				IPHONEOS_DEPLOYMENT_TARGET = 9.3;
				MTL_ENABLE_DEBUG_INFO = NO;
				SDKROOT = iphoneos;
				VALIDATE_PRODUCT = YES;
			};
			name = Release;
		};
		404A82311D564B20001EF486 /* Debug */ = {
			isa = XCBuildConfiguration;
			buildSettings = {
				ASSETCATALOG_COMPILER_APPICON_NAME = AppIcon;
				CODE_SIGN_IDENTITY = "iPhone Developer";
				"CODE_SIGN_IDENTITY[sdk=iphoneos*]" = "iPhone Developer";
				INFOPLIST_FILE = babyselfie/Info.plist;
				LD_RUNPATH_SEARCH_PATHS = "$(inherited) @executable_path/Frameworks";
				PRODUCT_BUNDLE_IDENTIFIER = com.kaumpkids.babyselfie;
				PRODUCT_NAME = "$(TARGET_NAME)";
				PROVISIONING_PROFILE = "";
			};
			name = Debug;
		};
		404A82321D564B20001EF486 /* Release */ = {
			isa = XCBuildConfiguration;
			buildSettings = {
				ASSETCATALOG_COMPILER_APPICON_NAME = AppIcon;
				CODE_SIGN_IDENTITY = "iPhone Developer";
				"CODE_SIGN_IDENTITY[sdk=iphoneos*]" = "iPhone Developer";
				INFOPLIST_FILE = babyselfie/Info.plist;
				LD_RUNPATH_SEARCH_PATHS = "$(inherited) @executable_path/Frameworks";
				PRODUCT_BUNDLE_IDENTIFIER = com.kaumpkids.babyselfie;
				PRODUCT_NAME = "$(TARGET_NAME)";
				PROVISIONING_PROFILE = "";
			};
			name = Release;
		};
/* End XCBuildConfiguration section */

/* Begin XCConfigurationList section */
		404A82191D564B20001EF486 /* Build configuration list for PBXProject "babyselfie" */ = {
			isa = XCConfigurationList;
			buildConfigurations = (
				404A822E1D564B20001EF486 /* Debug */,
				404A822F1D564B20001EF486 /* Release */,
			);
			defaultConfigurationIsVisible = 0;
			defaultConfigurationName = Release;
		};
		404A82301D564B20001EF486 /* Build configuration list for PBXNativeTarget "babyselfie" */ = {
			isa = XCConfigurationList;
			buildConfigurations = (
				404A82311D564B20001EF486 /* Debug */,
				404A82321D564B20001EF486 /* Release */,
			);
			defaultConfigurationIsVisible = 0;
			defaultConfigurationName = Release;
		};
/* End XCConfigurationList section */
	};
	rootObject = 404A82161D564B20001EF486 /* Project object */;
}
